
Microsoft Visual Studio Solution File, Format Version 12.00
# Visual Studio Version 17
VisualStudioVersion = 17.8.34330.188
MinimumVisualStudioVersion = 10.0.40219.1
Project("{FAE04EC0-301F-11D3-BF4B-00C04F79EFBC}") = "BMICalculator", "BMICalculator.csproj", "{1BBE8314-BA15-43C3-BCFD-7F93146A084A}"
EndProject
Global
	GlobalSection(SolutionConfigurationPlatforms) = preSolution
		Debug|Any CPU = Debug|Any CPU
		Release|Any CPU = Release|Any CPU
	EndGlobalSection
	GlobalSection(ProjectConfigurationPlatforms) = postSolution
		{1BBE8314-BA15-43C3-BCFD-7F93146A084A}.Debug|Any CPU.ActiveCfg = Debug|Any CPU
		{1BBE8314-BA15-43C3-BCFD-7F93146A084A}.Debug|Any CPU.Build.0 = Debug|Any CPU
		{1BBE8314-BA15-43C3-BCFD-7F93146A084A}.Release|Any CPU.ActiveCfg = Release|Any CPU
		{1BBE8314-BA15-43C3-BCFD-7F93146A084A}.Release|Any CPU.Build.0 = Release|Any CPU
	EndGlobalSection
	GlobalSection(SolutionProperties) = preSolution
		HideSolutionNode = FALSE
	EndGlobalSection
	GlobalSection(ExtensibilityGlobals) = postSolution
		SolutionGuid = {0D8FDF78-3F71-4A7E-8DB7-1719E4A89346}
	EndGlobalSection
EndGlobal
